
Microsoft Visual Studio Solution File, Format Version 12.00
# Visual Studio Version 16
VisualStudioVersion = 16.0.32802.440
MinimumVisualStudioVersion = 10.0.40219.1
Project("{FAE04EC0-301F-11D3-BF4B-00C04F79EFBC}") = "API", "API\API.csproj", "{C5B4B212-15F5-43FE-BF1D-EB85A585901D}"
EndProject
Global
	GlobalSection(SolutionConfigurationPlatforms) = preSolution
		Debug|Any CPU = Debug|Any CPU
		Release|Any CPU = Release|Any CPU
	EndGlobalSection
	GlobalSection(ProjectConfigurationPlatforms) = postSolution
		{C5B4B212-15F5-43FE-BF1D-EB85A585901D}.Debug|Any CPU.ActiveCfg = Debug|Any CPU
		{C5B4B212-15F5-43FE-BF1D-EB85A585901D}.Debug|Any CPU.Build.0 = Debug|Any CPU
		{C5B4B212-15F5-43FE-BF1D-EB85A585901D}.Release|Any CPU.ActiveCfg = Release|Any CPU
		{C5B4B212-15F5-43FE-BF1D-EB85A585901D}.Release|Any CPU.Build.0 = Release|Any CPU
	EndGlobalSection
	GlobalSection(SolutionProperties) = preSolution
		HideSolutionNode = FALSE
	EndGlobalSection
	GlobalSection(ExtensibilityGlobals) = postSolution
		SolutionGuid = {2194753B-83FD-4063-AE94-DB7C0362F18B}
	EndGlobalSection
EndGlobal
